
Microsoft Visual Studio Solution File, Format Version 12.00
# Visual Studio Version 16
VisualStudioVersion = 16.0.29209.62
MinimumVisualStudioVersion = 10.0.40219.1
Project("{FAE04EC0-301F-11D3-BF4B-00C04F79EFBC}") = "controladorPlanificaciones", "controladorPlanificaciones\controladorPlanificaciones.csproj", "{9CEF81C7-8FD9-42B8-BA64-6D7C11881C17}"
EndProject
Global
	GlobalSection(SolutionConfigurationPlatforms) = preSolution
		Debug|Any CPU = Debug|Any CPU
		Release|Any CPU = Release|Any CPU
	EndGlobalSection
	GlobalSection(ProjectConfigurationPlatforms) = postSolution
		{9CEF81C7-8FD9-42B8-BA64-6D7C11881C17}.Debug|Any CPU.ActiveCfg = Debug|Any CPU
		{9CEF81C7-8FD9-42B8-BA64-6D7C11881C17}.Debug|Any CPU.Build.0 = Debug|Any CPU
		{9CEF81C7-8FD9-42B8-BA64-6D7C11881C17}.Release|Any CPU.ActiveCfg = Release|Any CPU
		{9CEF81C7-8FD9-42B8-BA64-6D7C11881C17}.Release|Any CPU.Build.0 = Release|Any CPU
	EndGlobalSection
	GlobalSection(SolutionProperties) = preSolution
		HideSolutionNode = FALSE
	EndGlobalSection
	GlobalSection(ExtensibilityGlobals) = postSolution
		SolutionGuid = {8C6F49E6-F03E-4542-B198-351F9CFC0A93}
	EndGlobalSection
EndGlobal
